{
  "nodes": {
    "fenix": {
      "inputs": {
        "nixpkgs": [
          "nixpkgs"
        ],
        "rust-analyzer-src": "rust-analyzer-src"
      },
      "locked": {
        "lastModified": 1787640924,
        "narHash": "sha256-5RH0X19vDtLjygX3vKEz9DcmCJ3iwnkMAg9ZNfvp31U=",
        "owner": "nix-community",
        "repo": "fenix",
        "rev": "7e9f5c4746d2d4973e393317c4557f614f1398b8",
        "type": "github"
      },
      "original": {
        "owner": "nix-community",
        "repo": "fenix",
        "type": "github"
      }
    },
    "nixpkgs": {
      "locked": {
        "lastModified": 1787640266,
        "narHash": "sha256-MrkfE5hF5xx4L/0h5NyJ3xQkKVftwSuKSkFSrvlTxGY=",
        "owner": "nixos",
        "repo": "nixpkgs",
        "rev": "f4f698677b11021a8f84f452e23ae9ef2427bec3",
        "type": "github"
      },
      "original": {
        "owner": "nixos",
        "ref": "nixos-26.05",
        "repo": "nixpkgs",
        "type": "github"
      }
    },
    "nur-anttiharju": {
      "inputs": {
        "nixpkgs": [
          "nixpkgs"
        ]
      },
      "locked": {
        "lastModified": 1787514435,
        "narHash": "sha256-1d6VQo6RwBxr8Euk2gC5m5Z7T3kUwMW2iX7QuBOa0WI=",
        "owner": "anttiharju",
        "repo": "nur-packages",
        "rev": "2d440ff9c58d3389b5af8674e63c2d612e9e040e",
        "type": "github"
      },
      "original": {
        "owner": "anttiharju",
        "repo": "nur-packages",
        "type": "github"
      }
    },
    "root": {
      "inputs": {
        "fenix": "fenix",
        "nixpkgs": "nixpkgs",
        "nur-anttiharju": "nur-anttiharju"
      }
    },
    "rust-analyzer-src": {
      "flake": false,
      "locked": {
        "lastModified": 1787593942,
        "narHash": "sha256-dfVjama1vSef6Ajc0xyfv8Fi3sA+stx5yGbOu4IZIXw=",
        "owner": "rust-lang",
        "repo": "rust-analyzer",
        "rev": "69d0e262cc12e4cac32a23b127c1537c71ad9beb",
        "type": "github"
      },
      "original": {
        "owner": "rust-lang",
        "ref": "nightly",
        "repo": "rust-analyzer",
        "type": "github"
      }
    }
  },
  "root": "root",
  "version": 7
}
