{
  "nodes": {
    "fenix": {
      "inputs": {
        "nixpkgs": [
          "nixpkgs"
        ],
        "rust-analyzer-src": "rust-analyzer-src"
      },
      "locked": {
        "lastModified": 1789471622,
        "narHash": "sha256-0Zd4uniuWmAECxgh/VqU8/BRDYXwQn+n0gDxpgitGP8=",
        "owner": "nix-community",
        "repo": "fenix",
        "rev": "164c596ab50b2354f1dc0e8ee3a16b50420a17c4",
        "type": "github"
      },
      "original": {
        "owner": "nix-community",
        "repo": "fenix",
        "type": "github"
      }
    },
    "nixpkgs": {
      "locked": {
        "lastModified": 1789344334,
        "narHash": "sha256-vdhpDJ3Lr24lkZ+fDCjmBRRtw9/vcSzkqGJOJyF5h2U=",
        "owner": "nixos",
        "repo": "nixpkgs",
        "rev": "c3eea5b2156db11c7eeeada3dc737711255b253e",
        "type": "github"
      },
      "original": {
        "owner": "nixos",
        "ref": "nixos-26.05",
        "repo": "nixpkgs",
        "type": "github"
      }
    },
    "nur-anttiharju": {
      "inputs": {
        "nixpkgs": [
          "nixpkgs"
        ]
      },
      "locked": {
        "lastModified": 1789308191,
        "narHash": "sha256-330iWHUMIgoJXxvgLE0nV2e73TrLiOI9E4HXOwJt+LE=",
        "owner": "anttiharju",
        "repo": "nur-packages",
        "rev": "bafa326e0163649c4a4eb32fea0cda790df923cb",
        "type": "github"
      },
      "original": {
        "owner": "anttiharju",
        "repo": "nur-packages",
        "type": "github"
      }
    },
    "root": {
      "inputs": {
        "fenix": "fenix",
        "nixpkgs": "nixpkgs",
        "nur-anttiharju": "nur-anttiharju"
      }
    },
    "rust-analyzer-src": {
      "flake": false,
      "locked": {
        "lastModified": 1789370475,
        "narHash": "sha256-CX1c2BBTNbo6Y3Xm5V32ubOl2wH/vsdPUmZf/cnURik=",
        "owner": "rust-lang",
        "repo": "rust-analyzer",
        "rev": "83449b2f18064a94f6fea5af041534f516cbb2a7",
        "type": "github"
      },
      "original": {
        "owner": "rust-lang",
        "ref": "nightly",
        "repo": "rust-analyzer",
        "type": "github"
      }
    }
  },
  "root": "root",
  "version": 7
}
